// !$*UTF8*$!
{
	archiveVersion = 1;
	classes = {
	};
	objectVersion = 46;
	objects = {

/* Begin PBXBuildFile section */
		6A2FB7A61F7F362100087155 /* AppDelegate.swift in Sources */ = {isa = PBXBuildFile; fileRef = 6A2FB7A51F7F362100087155 /* AppDelegate.swift */; };
		6A2FB7A81F7F362100087155 /* ViewController.swift in Sources */ = {isa = PBXBuildFile; fileRef = 6A2FB7A71F7F362100087155 /* ViewController.swift */; };
		6A2FB7AB1F7F362100087155 /* Main.storyboard in Resources */ = {isa = PBXBuildFile; fileRef = 6A2FB7A91F7F362100087155 /* Main.storyboard */; };
		6A2FB7AD1F7F362100087155 /* Assets.xcassets in Resources */ = {isa = PBXBuildFile; fileRef = 6A2FB7AC1F7F362100087155 /* Assets.xcassets */; };
		6A2FB7B01F7F362100087155 /* LaunchScreen.storyboard in Resources */ = {isa = PBXBuildFile; fileRef = 6A2FB7AE1F7F362100087155 /* LaunchScreen.storyboard */; };
		6A2FB7BB1F7F362100087155 /* TrackMyLIfeTests.swift in Sources */ = {isa = PBXBuildFile; fileRef = 6A2FB7BA1F7F362100087155 /* TrackMyLIfeTests.swift */; };
		6A2FB7C61F7F362100087155 /* TrackMyLIfeUITests.swift in Sources */ = {isa = PBXBuildFile; fileRef = 6A2FB7C51F7F362100087155 /* TrackMyLIfeUITests.swift */; };
/* End PBXBuildFile section */

/* Begin PBXContainerItemProxy section */
		6A2FB7B71F7F362100087155 /* PBXContainerItemProxy */ = {
			isa = PBXContainerItemProxy;
			containerPortal = 6A2FB79A1F7F362100087155 /* Project object */;
			proxyType = 1;
			remoteGlobalIDString = 6A2FB7A11F7F362100087155;
			remoteInfo = TrackMyLIfe;
		};
		6A2FB7C21F7F362100087155 /* PBXContainerItemProxy */ = {
			isa = PBXContainerItemProxy;
			containerPortal = 6A2FB79A1F7F362100087155 /* Project object */;
			proxyType = 1;
			remoteGlobalIDString = 6A2FB7A11F7F362100087155;
			remoteInfo = TrackMyLIfe;
		};
/* End PBXContainerItemProxy section */

/* Begin PBXFileReference section */
		6A2FB7A21F7F362100087155 /* TrackMyLIfe.app */ = {isa = PBXFileReference; explicitFileType = wrapper.application; includeInIndex = 0; path = TrackMyLIfe.app; sourceTree = BUILT_PRODUCTS_DIR; };
		6A2FB7A51F7F362100087155 /* AppDelegate.swift */ = {isa = PBXFileReference; lastKnownFileType = sourcecode.swift; path = AppDelegate.swift; sourceTree = "<group>"; };
		6A2FB7A71F7F362100087155 /* ViewController.swift */ = {isa = PBXFileReference; lastKnownFileType = sourcecode.swift; path = ViewController.swift; sourceTree = "<group>"; };
		6A2FB7AA1F7F362100087155 /* Base */ = {isa = PBXFileReference; lastKnownFileType = file.storyboard; name = Base; path = Base.lproj/Main.storyboard; sourceTree = "<group>"; };
		6A2FB7AC1F7F362100087155 /* Assets.xcassets */ = {isa = PBXFileReference; lastKnownFileType = folder.assetcatalog; path = Assets.xcassets; sourceTree = "<group>"; };
		6A2FB7AF1F7F362100087155 /* Base */ = {isa = PBXFileReference; lastKnownFileType = file.storyboard; name = Base; path = Base.lproj/LaunchScreen.storyboard; sourceTree = "<group>"; };
		6A2FB7B11F7F362100087155 /* Info.plist */ = {isa = PBXFileReference; lastKnownFileType = text.plist.xml; path = Info.plist; sourceTree = "<group>"; };
		6A2FB7B61F7F362100087155 /* TrackMyLIfeTests.xctest */ = {isa = PBXFileReference; explicitFileType = wrapper.cfbundle; includeInIndex = 0; path = TrackMyLIfeTests.xctest; sourceTree = BUILT_PRODUCTS_DIR; };
		6A2FB7BA1F7F362100087155 /* TrackMyLIfeTests.swift */ = {isa = PBXFileReference; lastKnownFileType = sourcecode.swift; path = TrackMyLIfeTests.swift; sourceTree = "<group>"; };
		6A2FB7BC1F7F362100087155 /* Info.plist */ = {isa = PBXFileReference; lastKnownFileType = text.plist.xml; path = Info.plist; sourceTree = "<group>"; };
		6A2FB7C11F7F362100087155 /* TrackMyLIfeUITests.xctest */ = {isa = PBXFileReference; explicitFileType = wrapper.cfbundle; includeInIndex = 0; path = TrackMyLIfeUITests.xctest; sourceTree = BUILT_PRODUCTS_DIR; };
		6A2FB7C51F7F362100087155 /* TrackMyLIfeUITests.swift */ = {isa = PBXFileReference; lastKnownFileType = sourcecode.swift; path = TrackMyLIfeUITests.swift; sourceTree = "<group>"; };
		6A2FB7C71F7F362100087155 /* Info.plist */ = {isa = PBXFileReference; lastKnownFileType = text.plist.xml; path = Info.plist; sourceTree = "<group>"; };
/* End PBXFileReference section */

/* Begin PBXFrameworksBuildPhase section */
		6A2FB79F1F7F362100087155 /* Frameworks */ = {
			isa = PBXFrameworksBuildPhase;
			buildActionMask = 2147483647;
			files = (
			);
			runOnlyForDeploymentPostprocessing = 0;
		};
		6A2FB7B31F7F362100087155 /* Frameworks */ = {
			isa = PBXFrameworksBuildPhase;
			buildActionMask = 2147483647;
			files = (
			);
			runOnlyForDeploymentPostprocessing = 0;
		};
		6A2FB7BE1F7F362100087155 /* Frameworks */ = {
			isa = PBXFrameworksBuildPhase;
			buildActionMask = 2147483647;
			files = (
			);
			runOnlyForDeploymentPostprocessing = 0;
		};
/* End PBXFrameworksBuildPhase section */

/* Begin PBXGroup section */
		6A2FB7991F7F362100087155 = {
			isa = PBXGroup;
			children = (
				6A2FB7A41F7F362100087155 /* TrackMyLIfe */,
				6A2FB7B91F7F362100087155 /* TrackMyLIfeTests */,
				6A2FB7C41F7F362100087155 /* TrackMyLIfeUITests */,
				6A2FB7A31F7F362100087155 /* Products */,
			);
			sourceTree = "<group>";
		};
		6A2FB7A31F7F362100087155 /* Products */ = {
			isa = PBXGroup;
			children = (
				6A2FB7A21F7F362100087155 /* TrackMyLIfe.app */,
				6A2FB7B61F7F362100087155 /* TrackMyLIfeTests.xctest */,
				6A2FB7C11F7F362100087155 /* TrackMyLIfeUITests.xctest */,
			);
			name = Products;
			sourceTree = "<group>";
		};
		6A2FB7A41F7F362100087155 /* TrackMyLIfe */ = {
			isa = PBXGroup;
			children = (
				6A2FB7A51F7F362100087155 /* AppDelegate.swift */,
				6A2FB7A71F7F362100087155 /* ViewController.swift */,
				6A2FB7A91F7F362100087155 /* Main.storyboard */,
				6A2FB7AC1F7F362100087155 /* Assets.xcassets */,
				6A2FB7AE1F7F362100087155 /* LaunchScreen.storyboard */,
				6A2FB7B11F7F362100087155 /* Info.plist */,
			);
			path = TrackMyLIfe;
			sourceTree = "<group>";
		};
		6A2FB7B91F7F362100087155 /* TrackMyLIfeTests */ = {
			isa = PBXGroup;
			children = (
				6A2FB7BA1F7F362100087155 /* TrackMyLIfeTests.swift */,
				6A2FB7BC1F7F362100087155 /* Info.plist */,
			);
			path = TrackMyLIfeTests;
			sourceTree = "<group>";
		};
		6A2FB7C41F7F362100087155 /* TrackMyLIfeUITests */ = {
			isa = PBXGroup;
			children = (
				6A2FB7C51F7F362100087155 /* TrackMyLIfeUITests.swift */,
				6A2FB7C71F7F362100087155 /* Info.plist */,
			);
			path = TrackMyLIfeUITests;
			sourceTree = "<group>";
		};
/* End PBXGroup section */

/* Begin PBXNativeTarget section */
		6A2FB7A11F7F362100087155 /* TrackMyLIfe */ = {
			isa = PBXNativeTarget;
			buildConfigurationList = 6A2FB7CA1F7F362100087155 /* Build configuration list for PBXNativeTarget "TrackMyLIfe" */;
			buildPhases = (
				6A2FB79E1F7F362100087155 /* Sources */,
				6A2FB79F1F7F362100087155 /* Frameworks */,
				6A2FB7A01F7F362100087155 /* Resources */,
			);
			buildRules = (
			);
			dependencies = (
			);
			name = TrackMyLIfe;
			productName = TrackMyLIfe;
			productReference = 6A2FB7A21F7F362100087155 /* TrackMyLIfe.app */;
			productType = "com.apple.product-type.application";
		};
		6A2FB7B51F7F362100087155 /* TrackMyLIfeTests */ = {
			isa = PBXNativeTarget;
			buildConfigurationList = 6A2FB7CD1F7F362100087155 /* Build configuration list for PBXNativeTarget "TrackMyLIfeTests" */;
			buildPhases = (
				6A2FB7B21F7F362100087155 /* Sources */,
				6A2FB7B31F7F362100087155 /* Frameworks */,
				6A2FB7B41F7F362100087155 /* Resources */,
			);
			buildRules = (
			);
			dependencies = (
				6A2FB7B81F7F362100087155 /* PBXTargetDependency */,
			);
			name = TrackMyLIfeTests;
			productName = TrackMyLIfeTests;
			productReference = 6A2FB7B61F7F362100087155 /* TrackMyLIfeTests.xctest */;
			productType = "com.apple.product-type.bundle.unit-test";
		};
		6A2FB7C01F7F362100087155 /* TrackMyLIfeUITests */ = {
			isa = PBXNativeTarget;
			buildConfigurationList = 6A2FB7D01F7F362100087155 /* Build configuration list for PBXNativeTarget "TrackMyLIfeUITests" */;
			buildPhases = (
				6A2FB7BD1F7F362100087155 /* Sources */,
				6A2FB7BE1F7F362100087155 /* Frameworks */,
				6A2FB7BF1F7F362100087155 /* Resources */,
			);
			buildRules = (
			);
			dependencies = (
				6A2FB7C31F7F362100087155 /* PBXTargetDependency */,
			);
			name = TrackMyLIfeUITests;
			productName = TrackMyLIfeUITests;
			productReference = 6A2FB7C11F7F362100087155 /* TrackMyLIfeUITests.xctest */;
			productType = "com.apple.product-type.bundle.ui-testing";
		};
/* End PBXNativeTarget section */

/* Begin PBXProject section */
		6A2FB79A1F7F362100087155 /* Project object */ = {
			isa = PBXProject;
			attributes = {
				LastSwiftUpdateCheck = 0830;
				LastUpgradeCheck = 0830;
				ORGANIZATIONNAME = "Ai-Lyn Tang";
				TargetAttributes = {
					6A2FB7A11F7F362100087155 = {
						CreatedOnToolsVersion = 8.3.1;
						ProvisioningStyle = Automatic;
					};
					6A2FB7B51F7F362100087155 = {
						CreatedOnToolsVersion = 8.3.1;
						ProvisioningStyle = Automatic;
						TestTargetID = 6A2FB7A11F7F362100087155;
					};
					6A2FB7C01F7F362100087155 = {
						CreatedOnToolsVersion = 8.3.1;
						ProvisioningStyle = Automatic;
						TestTargetID = 6A2FB7A11F7F362100087155;
					};
				};
			};
			buildConfigurationList = 6A2FB79D1F7F362100087155 /* Build configuration list for PBXProject "TrackMyLIfe" */;
			compatibilityVersion = "Xcode 3.2";
			developmentRegion = English;
			hasScannedForEncodings = 0;
			knownRegions = (
				en,
				Base,
			);
			mainGroup = 6A2FB7991F7F362100087155;
			productRefGroup = 6A2FB7A31F7F362100087155 /* Products */;
			projectDirPath = "";
			projectRoot = "";
			targets = (
				6A2FB7A11F7F362100087155 /* TrackMyLIfe */,
				6A2FB7B51F7F362100087155 /* TrackMyLIfeTests */,
				6A2FB7C01F7F362100087155 /* TrackMyLIfeUITests */,
			);
		};
/* End PBXProject section */

/* Begin PBXResourcesBuildPhase section */
		6A2FB7A01F7F362100087155 /* Resources */ = {
			isa = PBXResourcesBuildPhase;
			buildActionMask = 2147483647;
			files = (
				6A2FB7B01F7F362100087155 /* LaunchScreen.storyboard in Resources */,
				6A2FB7AD1F7F362100087155 /* Assets.xcassets in Resources */,
				6A2FB7AB1F7F362100087155 /* Main.storyboard in Resources */,
			);
			runOnlyForDeploymentPostprocessing = 0;
		};
		6A2FB7B41F7F362100087155 /* Resources */ = {
			isa = PBXResourcesBuildPhase;
			buildActionMask = 2147483647;
			files = (
			);
			runOnlyForDeploymentPostprocessing = 0;
		};
		6A2FB7BF1F7F362100087155 /* Resources */ = {
			isa = PBXResourcesBuildPhase;
			buildActionMask = 2147483647;
			files = (
			);
			runOnlyForDeploymentPostprocessing = 0;
		};
/* End PBXResourcesBuildPhase section */

/* Begin PBXSourcesBuildPhase section */
		6A2FB79E1F7F362100087155 /* Sources */ = {
			isa = PBXSourcesBuildPhase;
			buildActionMask = 2147483647;
			files = (
				6A2FB7A81F7F362100087155 /* ViewController.swift in Sources */,
				6A2FB7A61F7F362100087155 /* AppDelegate.swift in Sources */,
			);
			runOnlyForDeploymentPostprocessing = 0;
		};
		6A2FB7B21F7F362100087155 /* Sources */ = {
			isa = PBXSourcesBuildPhase;
			buildActionMask = 2147483647;
			files = (
				6A2FB7BB1F7F362100087155 /* TrackMyLIfeTests.swift in Sources */,
			);
			runOnlyForDeploymentPostprocessing = 0;
		};
		6A2FB7BD1F7F362100087155 /* Sources */ = {
			isa = PBXSourcesBuildPhase;
			buildActionMask = 2147483647;
			files = (
				6A2FB7C61F7F362100087155 /* TrackMyLIfeUITests.swift in Sources */,
			);
			runOnlyForDeploymentPostprocessing = 0;
		};
/* End PBXSourcesBuildPhase section */

/* Begin PBXTargetDependency section */
		6A2FB7B81F7F362100087155 /* PBXTargetDependency */ = {
			isa = PBXTargetDependency;
			target = 6A2FB7A11F7F362100087155 /* TrackMyLIfe */;
			targetProxy = 6A2FB7B71F7F362100087155 /* PBXContainerItemProxy */;
		};
		6A2FB7C31F7F362100087155 /* PBXTargetDependency */ = {
			isa = PBXTargetDependency;
			target = 6A2FB7A11F7F362100087155 /* TrackMyLIfe */;
			targetProxy = 6A2FB7C21F7F362100087155 /* PBXContainerItemProxy */;
		};
/* End PBXTargetDependency section */

/* Begin PBXVariantGroup section */
		6A2FB7A91F7F362100087155 /* Main.storyboard */ = {
			isa = PBXVariantGroup;
			children = (
				6A2FB7AA1F7F362100087155 /* Base */,
			);
			name = Main.storyboard;
			sourceTree = "<group>";
		};
		6A2FB7AE1F7F362100087155 /* LaunchScreen.storyboard */ = {
			isa = PBXVariantGroup;
			children = (
				6A2FB7AF1F7F362100087155 /* Base */,
			);
			name = LaunchScreen.storyboard;
			sourceTree = "<group>";
		};
/* End PBXVariantGroup section */

/* Begin XCBuildConfiguration section */
		6A2FB7C81F7F362100087155 /* Debug */ = {
			isa = XCBuildConfiguration;
			buildSettings = {
				ALWAYS_SEARCH_USER_PATHS = NO;
				CLANG_ANALYZER_NONNULL = YES;
				CLANG_ANALYZER_NUMBER_OBJECT_CONVERSION = YES_AGGRESSIVE;
				CLANG_CXX_LANGUAGE_STANDARD = "gnu++0x";
				CLANG_CXX_LIBRARY = "libc++";
				CLANG_ENABLE_MODULES = YES;
				CLANG_ENABLE_OBJC_ARC = YES;
				CLANG_WARN_BOOL_CONVERSION = YES;
				CLANG_WARN_CONSTANT_CONVERSION = YES;
				CLANG_WARN_DIRECT_OBJC_ISA_USAGE = YES_ERROR;
				CLANG_WARN_DOCUMENTATION_COMMENTS = YES;
				CLANG_WARN_EMPTY_BODY = YES;
				CLANG_WARN_ENUM_CONVERSION = YES;
				CLANG_WARN_INFINITE_RECURSION = YES;
				CLANG_WARN_INT_CONVERSION = YES;
				CLANG_WARN_OBJC_ROOT_CLASS = YES_ERROR;
				CLANG_WARN_SUSPICIOUS_MOVE = YES;
				CLANG_WARN_UNREACHABLE_CODE = YES;
				CLANG_WARN__DUPLICATE_METHOD_MATCH = YES;
				"CODE_SIGN_IDENTITY[sdk=iphoneos*]" = "iPhone Developer";
				COPY_PHASE_STRIP = NO;
				DEBUG_INFORMATION_FORMAT = dwarf;
				ENABLE_STRICT_OBJC_MSGSEND = YES;
				ENABLE_TESTABILITY = YES;
				GCC_C_LANGUAGE_STANDARD = gnu99;
				GCC_DYNAMIC_NO_PIC = NO;
				GCC_NO_COMMON_BLOCKS = YES;
				GCC_OPTIMIZATION_LEVEL = 0;
				GCC_PREPROCESSOR_DEFINITIONS = (
					"DEBUG=1",
					"$(inherited)",
				);
				GCC_WARN_64_TO_32_BIT_CONVERSION = YES;
				GCC_WARN_ABOUT_RETURN_TYPE = YES_ERROR;
				GCC_WARN_UNDECLARED_SELECTOR = YES;
				GCC_WARN_UNINITIALIZED_AUTOS = YES_AGGRESSIVE;
				GCC_WARN_UNUSED_FUNCTION = YES;
				GCC_WARN_UNUSED_VARIABLE = YES;
				IPHONEOS_DEPLOYMENT_TARGET = 10.3;
				MTL_ENABLE_DEBUG_INFO = YES;
				ONLY_ACTIVE_ARCH = YES;
				SDKROOT = iphoneos;
				SWIFT_ACTIVE_COMPILATION_CONDITIONS = DEBUG;
				SWIFT_OPTIMIZATION_LEVEL = "-Onone";
				TARGETED_DEVICE_FAMILY = "1,2";
			};
			name = Debug;
		};
		6A2FB7C91F7F362100087155 /* Release */ = {
			isa = XCBuildConfiguration;
			buildSettings = {
				ALWAYS_SEARCH_USER_PATHS = NO;
				CLANG_ANALYZER_NONNULL = YES;
				CLANG_ANALYZER_NUMBER_OBJECT_CONVERSION = YES_AGGRESSIVE;
				CLANG_CXX_LANGUAGE_STANDARD = "gnu++0x";
				CLANG_CXX_LIBRARY = "libc++";
				CLANG_ENABLE_MODULES = YES;
				CLANG_ENABLE_OBJC_ARC = YES;
				CLANG_WARN_BOOL_CONVERSION = YES;
				CLANG_WARN_CONSTANT_CONVERSION = YES;
				CLANG_WARN_DIRECT_OBJC_ISA_USAGE = YES_ERROR;
				CLANG_WARN_DOCUMENTATION_COMMENTS = YES;
				CLANG_WARN_EMPTY_BODY = YES;
				CLANG_WARN_ENUM_CONVERSION = YES;
				CLANG_WARN_INFINITE_RECURSION = YES;
				CLANG_WARN_INT_CONVERSION = YES;
				CLANG_WARN_OBJC_ROOT_CLASS = YES_ERROR;
				CLANG_WARN_SUSPICIOUS_MOVE = YES;
				CLANG_WARN_UNREACHABLE_CODE = YES;
				CLANG_WARN__DUPLICATE_METHOD_MATCH = YES;
				"CODE_SIGN_IDENTITY[sdk=iphoneos*]" = "iPhone Developer";
				COPY_PHASE_STRIP = NO;
				DEBUG_INFORMATION_FORMAT = "dwarf-with-dsym";
				ENABLE_NS_ASSERTIONS = NO;
				ENABLE_STRICT_OBJC_MSGSEND = YES;
				GCC_C_LANGUAGE_STANDARD = gnu99;
				GCC_NO_COMMON_BLOCKS = YES;
				GCC_WARN_64_TO_32_BIT_CONVERSION = YES;
				GCC_WARN_ABOUT_RETURN_TYPE = YES_ERROR;
				GCC_WARN_UNDECLARED_SELECTOR = YES;
				GCC_WARN_UNINITIALIZED_AUTOS = YES_AGGRESSIVE;
				GCC_WARN_UNUSED_FUNCTION = YES;
				GCC_WARN_UNUSED_VARIABLE = YES;
				IPHONEOS_DEPLOYMENT_TARGET = 10.3;
				MTL_ENABLE_DEBUG_INFO = NO;
				SDKROOT = iphoneos;
				SWIFT_OPTIMIZATION_LEVEL = "-Owholemodule";
				TARGETED_DEVICE_FAMILY = "1,2";
				VALIDATE_PRODUCT = YES;
			};
			name = Release;
		};
		6A2FB7CB1F7F362100087155 /* Debug */ = {
			isa = XCBuildConfiguration;
			buildSettings = {
				ASSETCATALOG_COMPILER_APPICON_NAME = AppIcon;
				INFOPLIST_FILE = TrackMyLIfe/Info.plist;
				LD_RUNPATH_SEARCH_PATHS = "$(inherited) @executable_path/Frameworks";
				PRODUCT_BUNDLE_IDENTIFIER = com.coderlyn.TrackMyLIfe;
				PRODUCT_NAME = "$(TARGET_NAME)";
				SWIFT_VERSION = 3.0;
			};
			name = Debug;
		};
		6A2FB7CC1F7F362100087155 /* Release */ = {
			isa = XCBuildConfiguration;
			buildSettings = {
				ASSETCATALOG_COMPILER_APPICON_NAME = AppIcon;
				INFOPLIST_FILE = TrackMyLIfe/Info.plist;
				LD_RUNPATH_SEARCH_PATHS = "$(inherited) @executable_path/Frameworks";
				PRODUCT_BUNDLE_IDENTIFIER = com.coderlyn.TrackMyLIfe;
				PRODUCT_NAME = "$(TARGET_NAME)";
				SWIFT_VERSION = 3.0;
			};
			name = Release;
		};
		6A2FB7CE1F7F362100087155 /* Debug */ = {
			isa = XCBuildConfiguration;
			buildSettings = {
				ALWAYS_EMBED_SWIFT_STANDARD_LIBRARIES = YES;
				BUNDLE_LOADER = "$(TEST_HOST)";
				INFOPLIST_FILE = TrackMyLIfeTests/Info.plist;
				LD_RUNPATH_SEARCH_PATHS = "$(inherited) @executable_path/Frameworks @loader_path/Frameworks";
				PRODUCT_BUNDLE_IDENTIFIER = com.coderlyn.TrackMyLIfeTests;
				PRODUCT_NAME = "$(TARGET_NAME)";
				SWIFT_VERSION = 3.0;
				TEST_HOST = "$(BUILT_PRODUCTS_DIR)/TrackMyLIfe.app/TrackMyLIfe";
			};
			name = Debug;
		};
		6A2FB7CF1F7F362100087155 /* Release */ = {
			isa = XCBuildConfiguration;
			buildSettings = {
				ALWAYS_EMBED_SWIFT_STANDARD_LIBRARIES = YES;
				BUNDLE_LOADER = "$(TEST_HOST)";
				INFOPLIST_FILE = TrackMyLIfeTests/Info.plist;
				LD_RUNPATH_SEARCH_PATHS = "$(inherited) @executable_path/Frameworks @loader_path/Frameworks";
				PRODUCT_BUNDLE_IDENTIFIER = com.coderlyn.TrackMyLIfeTests;
				PRODUCT_NAME = "$(TARGET_NAME)";
				SWIFT_VERSION = 3.0;
				TEST_HOST = "$(BUILT_PRODUCTS_DIR)/TrackMyLIfe.app/TrackMyLIfe";
			};
			name = Release;
		};
		6A2FB7D11F7F362100087155 /* Debug */ = {
			isa = XCBuildConfiguration;
			buildSettings = {
				ALWAYS_EMBED_SWIFT_STANDARD_LIBRARIES = YES;
				INFOPLIST_FILE = TrackMyLIfeUITests/Info.plist;
				LD_RUNPATH_SEARCH_PATHS = "$(inherited) @executable_path/Frameworks @loader_path/Frameworks";
				PRODUCT_BUNDLE_IDENTIFIER = com.coderlyn.TrackMyLIfeUITests;
				PRODUCT_NAME = "$(TARGET_NAME)";
				SWIFT_VERSION = 3.0;
				TEST_TARGET_NAME = TrackMyLIfe;
			};
			name = Debug;
		};
		6A2FB7D21F7F362100087155 /* Release */ = {
			isa = XCBuildConfiguration;
			buildSettings = {
				ALWAYS_EMBED_SWIFT_STANDARD_LIBRARIES = YES;
				INFOPLIST_FILE = TrackMyLIfeUITests/Info.plist;
				LD_RUNPATH_SEARCH_PATHS = "$(inherited) @executable_path/Frameworks @loader_path/Frameworks";
				PRODUCT_BUNDLE_IDENTIFIER = com.coderlyn.TrackMyLIfeUITests;
				PRODUCT_NAME = "$(TARGET_NAME)";
				SWIFT_VERSION = 3.0;
				TEST_TARGET_NAME = TrackMyLIfe;
			};
			name = Release;
		};
/* End XCBuildConfiguration section */

/* Begin XCConfigurationList section */
		6A2FB79D1F7F362100087155 /* Build configuration list for PBXProject "TrackMyLIfe" */ = {
			isa = XCConfigurationList;
			buildConfigurations = (
				6A2FB7C81F7F362100087155 /* Debug */,
				6A2FB7C91F7F362100087155 /* Release */,
			);
			defaultConfigurationIsVisible = 0;
			defaultConfigurationName = Release;
		};
		6A2FB7CA1F7F362100087155 /* Build configuration list for PBXNativeTarget "TrackMyLIfe" */ = {
			isa = XCConfigurationList;
			buildConfigurations = (
				6A2FB7CB1F7F362100087155 /* Debug */,
				6A2FB7CC1F7F362100087155 /* Release */,
			);
			defaultConfigurationIsVisible = 0;
		};
		6A2FB7CD1F7F362100087155 /* Build configuration list for PBXNativeTarget "TrackMyLIfeTests" */ = {
			isa = XCConfigurationList;
			buildConfigurations = (
				6A2FB7CE1F7F362100087155 /* Debug */,
				6A2FB7CF1F7F362100087155 /* Release */,
			);
			defaultConfigurationIsVisible = 0;
		};
		6A2FB7D01F7F362100087155 /* Build configuration list for PBXNativeTarget "TrackMyLIfeUITests" */ = {
			isa = XCConfigurationList;
			buildConfigurations = (
				6A2FB7D11F7F362100087155 /* Debug */,
				6A2FB7D21F7F362100087155 /* Release */,
			);
			defaultConfigurationIsVisible = 0;
		};
/* End XCConfigurationList section */
	};
	rootObject = 6A2FB79A1F7F362100087155 /* Project object */;
}
